
Microsoft Visual Studio Solution File, Format Version 12.00
# Visual Studio Version 17
VisualStudioVersion = 17.3.32922.545
MinimumVisualStudioVersion = 10.0.40219.1
Project("{9A19103F-16F7-4668-BE54-9A1E7A4F7556}") = "FurgosBossTimer", "FurgosBossTimer.csproj", "{DF7FA71B-26AE-44D6-AA74-0AF48B78D97E}"
EndProject
Global
	GlobalSection(SolutionConfigurationPlatforms) = preSolution
		Debug|Any CPU = Debug|Any CPU
		Release|Any CPU = Release|Any CPU
	EndGlobalSection
	GlobalSection(ProjectConfigurationPlatforms) = postSolution
		{DF7FA71B-26AE-44D6-AA74-0AF48B78D97E}.Debug|Any CPU.ActiveCfg = Debug|Any CPU
		{DF7FA71B-26AE-44D6-AA74-0AF48B78D97E}.Debug|Any CPU.Build.0 = Debug|Any CPU
		{DF7FA71B-26AE-44D6-AA74-0AF48B78D97E}.Release|Any CPU.ActiveCfg = Release|Any CPU
		{DF7FA71B-26AE-44D6-AA74-0AF48B78D97E}.Release|Any CPU.Build.0 = Release|Any CPU
	EndGlobalSection
	GlobalSection(SolutionProperties) = preSolution
		HideSolutionNode = FALSE
	EndGlobalSection
	GlobalSection(ExtensibilityGlobals) = postSolution
		SolutionGuid = {F339F404-52D5-4B2D-8C61-D26649C6CF7E}
	EndGlobalSection
EndGlobal
